
Microsoft Visual Studio Solution File, Format Version 12.00
# Visual Studio Version 17
VisualStudioVersion = 17.10.35122.118
MinimumVisualStudioVersion = 10.0.40219.1
Project("{FAE04EC0-301F-11D3-BF4B-00C04F79EFBC}") = "modin", "modin\modin.csproj", "{21AED7CA-2F39-482D-9A28-737AAA4BDA5A}"
EndProject
Global
	GlobalSection(SolutionConfigurationPlatforms) = preSolution
		Debug|Any CPU = Debug|Any CPU
		Release|Any CPU = Release|Any CPU
	EndGlobalSection
	GlobalSection(ProjectConfigurationPlatforms) = postSolution
		{21AED7CA-2F39-482D-9A28-737AAA4BDA5A}.Debug|Any CPU.ActiveCfg = Debug|Any CPU
		{21AED7CA-2F39-482D-9A28-737AAA4BDA5A}.Debug|Any CPU.Build.0 = Debug|Any CPU
		{21AED7CA-2F39-482D-9A28-737AAA4BDA5A}.Release|Any CPU.ActiveCfg = Release|Any CPU
		{21AED7CA-2F39-482D-9A28-737AAA4BDA5A}.Release|Any CPU.Build.0 = Release|Any CPU
	EndGlobalSection
	GlobalSection(SolutionProperties) = preSolution
		HideSolutionNode = FALSE
	EndGlobalSection
	GlobalSection(ExtensibilityGlobals) = postSolution
		SolutionGuid = {D1CCE66B-75E2-4971-9B36-A1F0FAC5E098}
	EndGlobalSection
EndGlobal
